{
  "nodes": {
    "flake-parts": {
      "inputs": {
        "nixpkgs-lib": [
          "nixpkgs"
        ]
      },
      "locked": {
        "lastModified": 1788450739,
        "narHash": "sha256-glZLQlzIn1fXH6PazR2iUmTo7kzzyYSshrWhLS9TqCU=",
        "owner": "hercules-ci",
        "repo": "flake-parts",
        "rev": "31729ca8cbdb4fa927b34e5f4353e6a83f39e993",
        "type": "github"
      },
      "original": {
        "owner": "hercules-ci",
        "repo": "flake-parts",
        "type": "github"
      }
    },
    "gen": {
      "inputs": {
        "gen-algebra": "gen-algebra",
        "gen-aspects": "gen-aspects",
        "gen-assemble": "gen-assemble",
        "gen-bind": "gen-bind",
        "gen-class": "gen-class",
        "gen-delivery": "gen-delivery",
        "gen-dispatch": "gen-dispatch",
        "gen-graph": "gen-graph",
        "gen-identity": "gen-identity",
        "gen-inspect": "gen-inspect",
        "gen-link": "gen-link",
        "gen-memo": "gen-memo",
        "gen-merge": "gen-merge",
        "gen-prelude": "gen-prelude",
        "gen-product": "gen-product",
        "gen-program": "gen-program",
        "gen-schema": "gen-schema",
        "gen-scope": "gen-scope",
        "gen-select": "gen-select",
        "gen-settings": "gen-settings",
        "gen-types": "gen-types",
        "gen-view": "gen-view",
        "import-tree": "import-tree",
        "nixpkgs": "nixpkgs"
      },
      "locked": {
        "lastModified": 1790625694,
        "narHash": "sha256-b3fO814rZdjgEyU+u0r5zfaa38+UXdywuEqWjokf5mQ=",
        "owner": "sini",
        "repo": "gen",
        "rev": "283f23d9abf46b7bdf87a9a1099c8883a2e9d0ad",
        "type": "github"
      },
      "original": {
        "owner": "sini",
        "repo": "gen",
        "type": "github"
      }
    },
    "gen-algebra": {
      "locked": {
        "lastModified": 1790623328,
        "narHash": "sha256-LdiR3vmQX2BUzT14jmGD9Gz2SQ0WatQpObBstxNckws=",
        "owner": "sini",
        "repo": "gen-algebra",
        "rev": "9418d9b4e572c1aa84eff2a596fb1e1cf7a0ca3c",
        "type": "github"
      },
      "original": {
        "owner": "sini",
        "repo": "gen-algebra",
        "type": "github"
      }
    },
    "gen-aspects": {
      "inputs": {
        "gen-identity": [
          "gen",
          "gen-identity"
        ],
        "gen-merge": [
          "gen",
          "gen-merge"
        ],
        "gen-prelude": [
          "gen",
          "gen-prelude"
        ],
        "gen-schema": [
          "gen",
          "gen-schema"
        ]
      },
      "locked": {
        "lastModified": 1790625237,
        "narHash": "sha256-4YpgeoXS8waLicj2YbiiVH9Eo3uM0A1QuXIB6e5UlIk=",
        "owner": "sini",
        "repo": "gen-aspects",
        "rev": "070250933e9b3a9c0ad61af8f1f7d99d835a2743",
        "type": "github"
      },
      "original": {
        "owner": "sini",
        "repo": "gen-aspects",
        "type": "github"
      }
    },
    "gen-assemble": {
      "inputs": {
        "gen-algebra": [
          "gen",
          "gen-algebra"
        ],
        "gen-prelude": [
          "gen",
          "gen-prelude"
        ],
        "gen-scope": [
          "gen",
          "gen-scope"
        ]
      },
      "locked": {
        "lastModified": 1790623415,
        "narHash": "sha256-j7+4EqeKkbBaulcV5n20QAVvK2rWAT8wby1eL6Me9aA=",
        "owner": "sini",
        "repo": "gen-assemble",
        "rev": "d524f1c4539bac49c3666a2b67514b264925eda4",
        "type": "github"
      },
      "original": {
        "owner": "sini",
        "repo": "gen-assemble",
        "type": "github"
      }
    },
    "gen-bind": {
      "inputs": {
        "gen-graph": [
          "gen",
          "gen-graph"
        ],
        "gen-prelude": [
          "gen",
          "gen-prelude"
        ]
      },
      "locked": {
        "lastModified": 1790625289,
        "narHash": "sha256-EhizhGzjPwJEqVv8VfUUZwgB0nN2r3DbPYqjFNIjHXA=",
        "owner": "sini",
        "repo": "gen-bind",
        "rev": "b91c748aaf74727ad85186b0f71b73812f403f28",
        "type": "github"
      },
      "original": {
        "owner": "sini",
        "repo": "gen-bind",
        "type": "github"
      }
    },
    "gen-class": {
      "inputs": {
        "gen-merge": [
          "gen",
          "gen-merge"
        ],
        "gen-prelude": [
          "gen",
          "gen-prelude"
        ]
      },
      "locked": {
        "lastModified": 1790624920,
        "narHash": "sha256-cZhPxvU4Qlew13TDGsN9XNYZjn2Hw7aXi02c1En+l1w=",
        "owner": "sini",
        "repo": "gen-class",
        "rev": "c97a01dec319a79ddd29a6a0ca78f04729f146cf",
        "type": "github"
      },
      "original": {
        "owner": "sini",
        "repo": "gen-class",
        "type": "github"
      }
    },
    "gen-delivery": {
      "inputs": {
        "gen-algebra": [
          "gen",
          "gen-algebra"
        ],
        "gen-aspects": [
          "gen",
          "gen-aspects"
        ],
        "gen-prelude": [
          "gen",
          "gen-prelude"
        ]
      },
      "locked": {
        "lastModified": 1790625260,
        "narHash": "sha256-2VUVEpcnmH7kamnV3Oi6XHPjjeJiohlXjxgKJaybjxU=",
        "owner": "sini",
        "repo": "gen-delivery",
        "rev": "e6c063e1345ca5d86e8855dad8922fcdb5ad89fd",
        "type": "github"
      },
      "original": {
        "owner": "sini",
        "repo": "gen-delivery",
        "type": "github"
      }
    },
    "gen-dispatch": {
      "inputs": {
        "gen-prelude": [
          "gen",
          "gen-prelude"
        ]
      },
      "locked": {
        "lastModified": 1790624976,
        "narHash": "sha256-JP++rHnuNIf8AQFsbC+KlKQ1NIOFlrDHDMgPmwQ44iA=",
        "owner": "sini",
        "repo": "gen-dispatch",
        "rev": "40b89087d2dfee9b03167e4c8870f6fb0126ac9d",
        "type": "github"
      },
      "original": {
        "owner": "sini",
        "repo": "gen-dispatch",
        "type": "github"
      }
    },
    "gen-graph": {
      "inputs": {
        "gen-prelude": [
          "gen",
          "gen-prelude"
        ]
      },
      "locked": {
        "lastModified": 1790623339,
        "narHash": "sha256-u/IwomIY79SuydNpC899HAiICUby8xaCHPmhrmqSjsc=",
        "owner": "sini",
        "repo": "gen-graph",
        "rev": "0db4e73708f356024121336fcad1230ba0aed8d4",
        "type": "github"
      },
      "original": {
        "owner": "sini",
        "repo": "gen-graph",
        "type": "github"
      }
    },
    "gen-identity": {
      "locked": {
        "lastModified": 1790623305,
        "narHash": "sha256-EPMaPTka97Q61M6D898YdnR0PHWtpunceNrjfyVo3v4=",
        "owner": "sini",
        "repo": "gen-identity",
        "rev": "700dc6c0a89314a254c69006b2ff7703c97ebed9",
        "type": "github"
      },
      "original": {
        "owner": "sini",
        "repo": "gen-identity",
        "type": "github"
      }
    },
    "gen-inspect": {
      "inputs": {
        "gen-graph": [
          "gen",
          "gen-graph"
        ],
        "gen-prelude": [
          "gen",
          "gen-prelude"
        ],
        "gen-program": [
          "gen",
          "gen-program"
        ],
        "gen-scope": [
          "gen",
          "gen-scope"
        ],
        "gen-select": [
          "gen",
          "gen-select"
        ]
      },
      "locked": {
        "lastModified": 1790624980,
        "narHash": "sha256-csXOtQzKBSUsSUS3aIho0w7MgzAFmrk0FHimueQe4cA=",
        "owner": "sini",
        "repo": "gen-inspect",
        "rev": "ebddc403212fbc4a5c0d8103057d139acedc8bce",
        "type": "github"
      },
      "original": {
        "owner": "sini",
        "repo": "gen-inspect",
        "type": "github"
      }
    },
    "gen-link": {
      "inputs": {
        "gen-algebra": [
          "gen",
          "gen-algebra"
        ],
        "gen-aspects": [
          "gen",
          "gen-aspects"
        ],
        "gen-identity": [
          "gen",
          "gen-identity"
        ],
        "gen-prelude": [
          "gen",
          "gen-prelude"
        ],
        "gen-schema": [
          "gen",
          "gen-schema"
        ],
        "gen-scope": [
          "gen",
          "gen-scope"
        ],
        "gen-view": [
          "gen",
          "gen-view"
        ]
      },
      "locked": {
        "lastModified": 1790625323,
        "narHash": "sha256-HSTq3j9exgagbJc0qoi/zwzZRAHSi2gglpzg8h2FG4E=",
        "owner": "sini",
        "repo": "gen-link",
        "rev": "6a46871c55ebd2133969f4c6df3506d1762904d1",
        "type": "github"
      },
      "original": {
        "owner": "sini",
        "repo": "gen-link",
        "type": "github"
      }
    },
    "gen-memo": {
      "inputs": {
        "gen-graph": [
          "gen",
          "gen-graph"
        ],
        "gen-prelude": [
          "gen",
          "gen-prelude"
        ]
      },
      "locked": {
        "lastModified": 1790623404,
        "narHash": "sha256-uRhgmGr7rD9uOZvQDTaTDwzT4n3HlxK88yLV2T2FA/4=",
        "owner": "sini",
        "repo": "gen-memo",
        "rev": "e1e26a41bdefbcc150669bbd6967364c9d8ad8ea",
        "type": "github"
      },
      "original": {
        "owner": "sini",
        "repo": "gen-memo",
        "type": "github"
      }
    },
    "gen-merge": {
      "inputs": {
        "gen-memo": [
          "gen",
          "gen-memo"
        ],
        "gen-prelude": [
          "gen",
          "gen-prelude"
        ],
        "gen-scope": [
          "gen",
          "gen-scope"
        ],
        "gen-types": [
          "gen",
          "gen-types"
        ]
      },
      "locked": {
        "lastModified": 1790624533,
        "narHash": "sha256-hDX+QFk0KO3J06aEAdkmewGY4UMObJJ7+nrh3aBfB5Q=",
        "owner": "sini",
        "repo": "gen-merge",
        "rev": "e6074eec3929555b9bf29bb9c69c287ae7703123",
        "type": "github"
      },
      "original": {
        "owner": "sini",
        "repo": "gen-merge",
        "type": "github"
      }
    },
    "gen-prelude": {
      "locked": {
        "lastModified": 1790623305,
        "narHash": "sha256-2VMxiIjs7sX6CTLy7bSen3LBNZHRFfWREZrKnGKmefk=",
        "owner": "sini",
        "repo": "gen-prelude",
        "rev": "c471c9a12ef5495be5c50911ff45e3efa16cc67f",
        "type": "github"
      },
      "original": {
        "owner": "sini",
        "repo": "gen-prelude",
        "type": "github"
      }
    },
    "gen-product": {
      "inputs": {
        "gen-prelude": [
          "gen",
          "gen-prelude"
        ]
      },
      "locked": {
        "lastModified": 1790623371,
        "narHash": "sha256-2iKmf4Nj5HUkTe8qsfaWw7KfMNujvteFOKQrdMJSE8k=",
        "owner": "sini",
        "repo": "gen-product",
        "rev": "a9da79d7be875e83b8f8af43a3ce1a2a738f2404",
        "type": "github"
      },
      "original": {
        "owner": "sini",
        "repo": "gen-product",
        "type": "github"
      }
    },
    "gen-program": {
      "inputs": {
        "gen-prelude": [
          "gen",
          "gen-prelude"
        ],
        "gen-scope": [
          "gen",
          "gen-scope"
        ]
      },
      "locked": {
        "lastModified": 1790623404,
        "narHash": "sha256-8Gvt5m7YK/HMaGFsGf6XSth/IfCT2puvScbEA7kJR90=",
        "owner": "sini",
        "repo": "gen-program",
        "rev": "b2c0f02b8f1da5f35fd6943cbd01e10c78fd3e21",
        "type": "github"
      },
      "original": {
        "owner": "sini",
        "repo": "gen-program",
        "type": "github"
      }
    },
    "gen-schema": {
      "inputs": {
        "gen-algebra": [
          "gen",
          "gen-algebra"
        ],
        "gen-graph": [
          "gen",
          "gen-graph"
        ],
        "gen-identity": [
          "gen",
          "gen-identity"
        ],
        "gen-merge": [
          "gen",
          "gen-merge"
        ],
        "gen-prelude": [
          "gen",
          "gen-prelude"
        ]
      },
      "locked": {
        "lastModified": 1790624923,
        "narHash": "sha256-3ywh6aOjvn9i7hFJLlJDUGoWZh8UEwQPhAIF8IPS3cs=",
        "owner": "sini",
        "repo": "gen-schema",
        "rev": "56341ad281a695c77f2bc4740c11536249edfc6f",
        "type": "github"
      },
      "original": {
        "owner": "sini",
        "repo": "gen-schema",
        "type": "github"
      }
    },
    "gen-scope": {
      "inputs": {
        "gen-graph": [
          "gen",
          "gen-graph"
        ],
        "gen-identity": [
          "gen",
          "gen-identity"
        ],
        "gen-prelude": [
          "gen",
          "gen-prelude"
        ]
      },
      "locked": {
        "lastModified": 1790623378,
        "narHash": "sha256-9OMFOcPOi7bH5tY4rCOUcGwuDwL+QtHKLb3wFtAncvo=",
        "owner": "sini",
        "repo": "gen-scope",
        "rev": "5da5931fcc17fffdd04b7a784b8fb2b4f9aef7be",
        "type": "github"
      },
      "original": {
        "owner": "sini",
        "repo": "gen-scope",
        "type": "github"
      }
    },
    "gen-select": {
      "inputs": {
        "gen-algebra": [
          "gen",
          "gen-algebra"
        ]
      },
      "locked": {
        "lastModified": 1790624945,
        "narHash": "sha256-ft3PzQhzx8g5fThAU+TnsVRwThLPItjtphKqQilK+qI=",
        "owner": "sini",
        "repo": "gen-select",
        "rev": "9f949cae01aa3738a8d4fac72519c8e37a5dd298",
        "type": "github"
      },
      "original": {
        "owner": "sini",
        "repo": "gen-select",
        "type": "github"
      }
    },
    "gen-settings": {
      "inputs": {
        "gen-algebra": [
          "gen",
          "gen-algebra"
        ],
        "gen-bind": [
          "gen",
          "gen-bind"
        ],
        "gen-graph": [
          "gen",
          "gen-graph"
        ],
        "gen-identity": [
          "gen",
          "gen-identity"
        ],
        "gen-prelude": [
          "gen",
          "gen-prelude"
        ],
        "gen-schema": [
          "gen",
          "gen-schema"
        ],
        "gen-types": [
          "gen",
          "gen-types"
        ]
      },
      "locked": {
        "lastModified": 1790625323,
        "narHash": "sha256-mdme5u6iVrszd1KaGNp+P/8YbmOHnxldQHqC7rKI88Q=",
        "owner": "sini",
        "repo": "gen-settings",
        "rev": "888a0cc86895b292990de2d180e7117635e6e3f2",
        "type": "github"
      },
      "original": {
        "owner": "sini",
        "repo": "gen-settings",
        "type": "github"
      }
    },
    "gen-types": {
      "inputs": {
        "gen-identity": [
          "gen",
          "gen-identity"
        ],
        "gen-prelude": [
          "gen",
          "gen-prelude"
        ]
      },
      "locked": {
        "lastModified": 1790623338,
        "narHash": "sha256-9B40kGYCLB0yIKbZX2+YF1DxCq7bZTwsRodogNoZPb0=",
        "owner": "sini",
        "repo": "gen-types",
        "rev": "81cae7abdab0d239c04315fd64ebcb0f7bf02614",
        "type": "github"
      },
      "original": {
        "owner": "sini",
        "repo": "gen-types",
        "type": "github"
      }
    },
    "gen-view": {
      "inputs": {
        "gen-graph": [
          "gen",
          "gen-graph"
        ],
        "gen-prelude": [
          "gen",
          "gen-prelude"
        ]
      },
      "locked": {
        "lastModified": 1790623418,
        "narHash": "sha256-uh3j0KdLPWx5H8z7ccXZk7SYcOpXPhctEyxaIKPj0Wg=",
        "owner": "sini",
        "repo": "gen-view",
        "rev": "7159b96b1aca33e581b677236165a70394f6c180",
        "type": "github"
      },
      "original": {
        "owner": "sini",
        "repo": "gen-view",
        "type": "github"
      }
    },
    "import-tree": {
      "locked": {
        "lastModified": 1783029876,
        "narHash": "sha256-iI88R3wHz8wTKQb5orvpc51L/Xr64AJyxid/0MKa/b8=",
        "owner": "denful",
        "repo": "import-tree",
        "rev": "a164a12202f58eb67559bd33b5592f20660d9baf",
        "type": "github"
      },
      "original": {
        "owner": "denful",
        "repo": "import-tree",
        "rev": "a164a12202f58eb67559bd33b5592f20660d9baf",
        "type": "github"
      }
    },
    "nixpkgs": {
      "locked": {
        "lastModified": 1790578696,
        "narHash": "sha256-EvoKOTtoIJ7Xflls2Nfo5WDcqjFJB0kuzwOz0nLWs0w=",
        "rev": "7a0f122f5090cf4c2ade2a13a0e229d4e19ba71f",
        "type": "tarball",
        "url": "https://releases.nixos.org/nixos/unstable/nixos-26.11pre1080855.7a0f122f5090/nixexprs.tar.xz"
      },
      "original": {
        "type": "tarball",
        "url": "https://channels.nixos.org/nixos-unstable/nixexprs.tar.xz"
      }
    },
    "root": {
      "inputs": {
        "flake-parts": "flake-parts",
        "gen": "gen",
        "nixpkgs": [
          "gen",
          "nixpkgs"
        ]
      }
    }
  },
  "root": "root",
  "version": 7
}
