{
  "nodes": {
    "flake-parts": {
      "inputs": {
        "nixpkgs-lib": [
          "nixpkgs"
        ]
      },
      "locked": {
        "lastModified": 1788450739,
        "narHash": "sha256-glZLQlzIn1fXH6PazR2iUmTo7kzzyYSshrWhLS9TqCU=",
        "owner": "hercules-ci",
        "repo": "flake-parts",
        "rev": "31729ca8cbdb4fa927b34e5f4353e6a83f39e993",
        "type": "github"
      },
      "original": {
        "owner": "hercules-ci",
        "repo": "flake-parts",
        "type": "github"
      }
    },
    "gen": {
      "inputs": {
        "gen-algebra": "gen-algebra",
        "gen-aspects": "gen-aspects",
        "gen-assemble": "gen-assemble",
        "gen-bind": "gen-bind",
        "gen-class": "gen-class",
        "gen-delivery": "gen-delivery",
        "gen-dispatch": "gen-dispatch",
        "gen-graph": "gen-graph",
        "gen-identity": "gen-identity",
        "gen-inspect": "gen-inspect",
        "gen-link": "gen-link",
        "gen-memo": "gen-memo",
        "gen-merge": "gen-merge",
        "gen-prelude": "gen-prelude",
        "gen-product": "gen-product",
        "gen-program": "gen-program",
        "gen-schema": "gen-schema",
        "gen-scope": "gen-scope",
        "gen-select": "gen-select",
        "gen-settings": "gen-settings",
        "gen-types": "gen-types",
        "gen-view": "gen-view",
        "import-tree": "import-tree",
        "nixpkgs": "nixpkgs"
      },
      "locked": {
        "lastModified": 1790473549,
        "narHash": "sha256-Yc/Dy6CCwnmUWkEo3ls2QfJcj1MvrQzy4II7GZToXiQ=",
        "owner": "sini",
        "repo": "gen",
        "rev": "c1f3ce2b986105a065428e23414dd32c8ab119fd",
        "type": "github"
      },
      "original": {
        "owner": "sini",
        "repo": "gen",
        "type": "github"
      }
    },
    "gen-algebra": {
      "locked": {
        "lastModified": 1790467989,
        "narHash": "sha256-9txcNQCHpMYXOFeAY1V3wOAknYdpCe68vTd+VfREvsY=",
        "owner": "sini",
        "repo": "gen-algebra",
        "rev": "09c0775d1802132cb920daa68a4c80d732229f40",
        "type": "github"
      },
      "original": {
        "owner": "sini",
        "repo": "gen-algebra",
        "type": "github"
      }
    },
    "gen-aspects": {
      "inputs": {
        "gen-identity": [
          "gen",
          "gen-identity"
        ],
        "gen-merge": [
          "gen",
          "gen-merge"
        ],
        "gen-prelude": [
          "gen",
          "gen-prelude"
        ],
        "gen-schema": [
          "gen",
          "gen-schema"
        ]
      },
      "locked": {
        "lastModified": 1790472896,
        "narHash": "sha256-pbhUk3CspJ8mSOzRp0OVZKNkpCvNxnQO2xyq1GBPpYk=",
        "owner": "sini",
        "repo": "gen-aspects",
        "rev": "eaa7573be77652e80b9e7ad434c6eab2998829f5",
        "type": "github"
      },
      "original": {
        "owner": "sini",
        "repo": "gen-aspects",
        "type": "github"
      }
    },
    "gen-assemble": {
      "inputs": {
        "gen-algebra": [
          "gen",
          "gen-algebra"
        ],
        "gen-prelude": [
          "gen",
          "gen-prelude"
        ],
        "gen-scope": [
          "gen",
          "gen-scope"
        ]
      },
      "locked": {
        "lastModified": 1790471380,
        "narHash": "sha256-A4pjW7DMPZsK0/s8i37XgELZVyIvQGo2ReqH/S10aZ8=",
        "owner": "sini",
        "repo": "gen-assemble",
        "rev": "f5e04c9c8c0a2b6660854e1d58413ef345840f1c",
        "type": "github"
      },
      "original": {
        "owner": "sini",
        "repo": "gen-assemble",
        "type": "github"
      }
    },
    "gen-bind": {
      "inputs": {
        "gen-graph": [
          "gen",
          "gen-graph"
        ],
        "gen-prelude": [
          "gen",
          "gen-prelude"
        ]
      },
      "locked": {
        "lastModified": 1790472960,
        "narHash": "sha256-riRR9wT4D62oRSMsq1E9kFxUYrM4NQjTAi5lXwkGpxM=",
        "owner": "sini",
        "repo": "gen-bind",
        "rev": "598d907b09154b18fcd3ec11e057671e87b732d8",
        "type": "github"
      },
      "original": {
        "owner": "sini",
        "repo": "gen-bind",
        "type": "github"
      }
    },
    "gen-class": {
      "inputs": {
        "gen-merge": [
          "gen",
          "gen-merge"
        ],
        "gen-prelude": [
          "gen",
          "gen-prelude"
        ]
      },
      "locked": {
        "lastModified": 1790472872,
        "narHash": "sha256-l+fMIU34sADtlG+EV1CPwtHBek5MkXiRacvlyfVeJUk=",
        "owner": "sini",
        "repo": "gen-class",
        "rev": "35d5972056bdaeb9403c0572b25914faf9cdfec2",
        "type": "github"
      },
      "original": {
        "owner": "sini",
        "repo": "gen-class",
        "type": "github"
      }
    },
    "gen-delivery": {
      "inputs": {
        "gen-algebra": [
          "gen",
          "gen-algebra"
        ],
        "gen-aspects": [
          "gen",
          "gen-aspects"
        ]
      },
      "locked": {
        "lastModified": 1790472916,
        "narHash": "sha256-ca2ONMX4IwZ8ahqRoR3PkB3Tgmfk7KdY3j/Wv7tiLXY=",
        "owner": "sini",
        "repo": "gen-delivery",
        "rev": "c7ebd6e8da17138b8bc8fc35549c1ac374a8940e",
        "type": "github"
      },
      "original": {
        "owner": "sini",
        "repo": "gen-delivery",
        "type": "github"
      }
    },
    "gen-dispatch": {
      "inputs": {
        "gen-prelude": [
          "gen",
          "gen-prelude"
        ]
      },
      "locked": {
        "lastModified": 1790472938,
        "narHash": "sha256-T9KnJMyoI6s0+ZZ1uSISZ2c/77ACkriTrPmIBexVtAA=",
        "owner": "sini",
        "repo": "gen-dispatch",
        "rev": "736374c940b9cdf6e4169af2f0487833e381e476",
        "type": "github"
      },
      "original": {
        "owner": "sini",
        "repo": "gen-dispatch",
        "type": "github"
      }
    },
    "gen-graph": {
      "inputs": {
        "gen-prelude": [
          "gen",
          "gen-prelude"
        ]
      },
      "locked": {
        "lastModified": 1790469899,
        "narHash": "sha256-9a/0vL3qSV1dggqEQiZMDdwBUuhk7Z27/AOf3OpV0vw=",
        "owner": "sini",
        "repo": "gen-graph",
        "rev": "ee1270694d80bdc67c4625738ff00500efd694e4",
        "type": "github"
      },
      "original": {
        "owner": "sini",
        "repo": "gen-graph",
        "type": "github"
      }
    },
    "gen-identity": {
      "locked": {
        "lastModified": 1790449460,
        "narHash": "sha256-nhX36cjRh9Qg9KHYS4T+RLUTfFbXu2MFlTUyDCqY5TM=",
        "owner": "sini",
        "repo": "gen-identity",
        "rev": "4745906b7177d1faebf8f8eedacdb7d15618eeb7",
        "type": "github"
      },
      "original": {
        "owner": "sini",
        "repo": "gen-identity",
        "type": "github"
      }
    },
    "gen-inspect": {
      "inputs": {
        "gen-graph": [
          "gen",
          "gen-graph"
        ],
        "gen-prelude": [
          "gen",
          "gen-prelude"
        ],
        "gen-program": [
          "gen",
          "gen-program"
        ],
        "gen-scope": [
          "gen",
          "gen-scope"
        ],
        "gen-select": [
          "gen",
          "gen-select"
        ]
      },
      "locked": {
        "lastModified": 1790472950,
        "narHash": "sha256-YL3CJHhek83BchHl1Sn02nilxR2EL1mWuC9U9Y2ZtIE=",
        "owner": "sini",
        "repo": "gen-inspect",
        "rev": "11953994e0d49fe63c7978b668d64c35ff677931",
        "type": "github"
      },
      "original": {
        "owner": "sini",
        "repo": "gen-inspect",
        "type": "github"
      }
    },
    "gen-link": {
      "inputs": {
        "gen-algebra": [
          "gen",
          "gen-algebra"
        ],
        "gen-aspects": [
          "gen",
          "gen-aspects"
        ],
        "gen-identity": [
          "gen",
          "gen-identity"
        ],
        "gen-prelude": [
          "gen",
          "gen-prelude"
        ],
        "gen-schema": [
          "gen",
          "gen-schema"
        ],
        "gen-scope": [
          "gen",
          "gen-scope"
        ],
        "gen-view": [
          "gen",
          "gen-view"
        ]
      },
      "locked": {
        "lastModified": 1790472928,
        "narHash": "sha256-1O/zQfDUNgOlo/Q+oQtM1OWUBp44aMaCjAjEoxEi60Q=",
        "owner": "sini",
        "repo": "gen-link",
        "rev": "d8429c1de2f1f40f9be600647e46384c4117c71f",
        "type": "github"
      },
      "original": {
        "owner": "sini",
        "repo": "gen-link",
        "type": "github"
      }
    },
    "gen-memo": {
      "inputs": {
        "gen-graph": [
          "gen",
          "gen-graph"
        ],
        "gen-prelude": [
          "gen",
          "gen-prelude"
        ]
      },
      "locked": {
        "lastModified": 1790471390,
        "narHash": "sha256-XSFnfmqKKh7mWuxmsCaR5Em/eAPEC9Jm/1YDJpIf65g=",
        "owner": "sini",
        "repo": "gen-memo",
        "rev": "f72e1418f650c81ebb0d2d5e9bc620f8e6eecc9d",
        "type": "github"
      },
      "original": {
        "owner": "sini",
        "repo": "gen-memo",
        "type": "github"
      }
    },
    "gen-merge": {
      "inputs": {
        "gen-memo": [
          "gen",
          "gen-memo"
        ],
        "gen-prelude": [
          "gen",
          "gen-prelude"
        ],
        "gen-scope": [
          "gen",
          "gen-scope"
        ],
        "gen-types": [
          "gen",
          "gen-types"
        ]
      },
      "locked": {
        "lastModified": 1790472862,
        "narHash": "sha256-eMMigOb2F7VFDbVjr1aBQrmsRtD/HDNKjVC1kkLqDFU=",
        "owner": "sini",
        "repo": "gen-merge",
        "rev": "7221a6eb87400c80f3f5d9b157eb7b95a3c3f2d9",
        "type": "github"
      },
      "original": {
        "owner": "sini",
        "repo": "gen-merge",
        "type": "github"
      }
    },
    "gen-prelude": {
      "locked": {
        "lastModified": 1790449471,
        "narHash": "sha256-luvwTAZSUP2uNakLhk55mRidVk6UZUyMLn1Di8oXxxo=",
        "owner": "sini",
        "repo": "gen-prelude",
        "rev": "317f97b341d0fbb734a5abfaa7ba8ea173744198",
        "type": "github"
      },
      "original": {
        "owner": "sini",
        "repo": "gen-prelude",
        "type": "github"
      }
    },
    "gen-product": {
      "inputs": {
        "gen-prelude": [
          "gen",
          "gen-prelude"
        ]
      },
      "locked": {
        "lastModified": 1790471358,
        "narHash": "sha256-wVMG7Mo/x/wA/lFoiiN97e6WfgISThiYEBrWh5OBeyk=",
        "owner": "sini",
        "repo": "gen-product",
        "rev": "caae028da217639e93bb6574552d779f9678c431",
        "type": "github"
      },
      "original": {
        "owner": "sini",
        "repo": "gen-product",
        "type": "github"
      }
    },
    "gen-program": {
      "inputs": {
        "gen-prelude": [
          "gen",
          "gen-prelude"
        ],
        "gen-scope": [
          "gen",
          "gen-scope"
        ]
      },
      "locked": {
        "lastModified": 1790471400,
        "narHash": "sha256-DtFR5yi+BI+9S/NOiBhbK2dwVZENjRwsIKU9ClJOBog=",
        "owner": "sini",
        "repo": "gen-program",
        "rev": "1528c9b69e33245e28259730a7e7ec2805fbc505",
        "type": "github"
      },
      "original": {
        "owner": "sini",
        "repo": "gen-program",
        "type": "github"
      }
    },
    "gen-schema": {
      "inputs": {
        "gen-algebra": [
          "gen",
          "gen-algebra"
        ],
        "gen-graph": [
          "gen",
          "gen-graph"
        ],
        "gen-identity": [
          "gen",
          "gen-identity"
        ],
        "gen-merge": [
          "gen",
          "gen-merge"
        ],
        "gen-prelude": [
          "gen",
          "gen-prelude"
        ]
      },
      "locked": {
        "lastModified": 1790472884,
        "narHash": "sha256-+JJ3YLr+rubtwqI5FYNUpeQAsvmD+6PlAUemU4Z8CBA=",
        "owner": "sini",
        "repo": "gen-schema",
        "rev": "cd6b587cf43ef8e5bcba546ed7e6d34a783a7ae1",
        "type": "github"
      },
      "original": {
        "owner": "sini",
        "repo": "gen-schema",
        "type": "github"
      }
    },
    "gen-scope": {
      "inputs": {
        "gen-graph": [
          "gen",
          "gen-graph"
        ],
        "gen-identity": [
          "gen",
          "gen-identity"
        ],
        "gen-prelude": [
          "gen",
          "gen-prelude"
        ]
      },
      "locked": {
        "lastModified": 1790471368,
        "narHash": "sha256-QHcBlkFzSNSfQS6R2p3m3BJXxfy2ef5hXyp/y8uzQBs=",
        "owner": "sini",
        "repo": "gen-scope",
        "rev": "6b7f6e34f0ff5195284e7a0ba7880870f2f9a185",
        "type": "github"
      },
      "original": {
        "owner": "sini",
        "repo": "gen-scope",
        "type": "github"
      }
    },
    "gen-select": {
      "inputs": {
        "gen-algebra": [
          "gen",
          "gen-algebra"
        ]
      },
      "locked": {
        "lastModified": 1790472905,
        "narHash": "sha256-8UsjleM2aor+gwX1mF6vT5YsmJz6Qyr+ABwCzFzr/Gg=",
        "owner": "sini",
        "repo": "gen-select",
        "rev": "0f23ef099ef2451c2d15e6507b8da917dec49bf2",
        "type": "github"
      },
      "original": {
        "owner": "sini",
        "repo": "gen-select",
        "type": "github"
      }
    },
    "gen-settings": {
      "inputs": {
        "gen-algebra": [
          "gen",
          "gen-algebra"
        ],
        "gen-bind": [
          "gen",
          "gen-bind"
        ],
        "gen-graph": [
          "gen",
          "gen-graph"
        ],
        "gen-identity": [
          "gen",
          "gen-identity"
        ],
        "gen-prelude": [
          "gen",
          "gen-prelude"
        ],
        "gen-schema": [
          "gen",
          "gen-schema"
        ],
        "gen-types": [
          "gen",
          "gen-types"
        ]
      },
      "locked": {
        "lastModified": 1790472973,
        "narHash": "sha256-88RaKBkKl4GoO11sgUGealHTcCdk7bKYAMgjA1uMK8A=",
        "owner": "sini",
        "repo": "gen-settings",
        "rev": "dde0d484f868637b6752ff5a0b46f92cda58ef4f",
        "type": "github"
      },
      "original": {
        "owner": "sini",
        "repo": "gen-settings",
        "type": "github"
      }
    },
    "gen-types": {
      "inputs": {
        "gen-identity": [
          "gen",
          "gen-identity"
        ],
        "gen-prelude": [
          "gen",
          "gen-prelude"
        ]
      },
      "locked": {
        "lastModified": 1790472772,
        "narHash": "sha256-rMeEoG0bfdYpACpxoObCR3Q8cTyq2+KkhZrpiqEE2dE=",
        "owner": "sini",
        "repo": "gen-types",
        "rev": "79c5b9d3be968dfdd3279b518dbab014c9045fd7",
        "type": "github"
      },
      "original": {
        "owner": "sini",
        "repo": "gen-types",
        "type": "github"
      }
    },
    "gen-view": {
      "inputs": {
        "gen-graph": [
          "gen",
          "gen-graph"
        ],
        "gen-prelude": [
          "gen",
          "gen-prelude"
        ]
      },
      "locked": {
        "lastModified": 1790471410,
        "narHash": "sha256-K+LAs9rkP0Y7SpUJIlzNFgrz76WGZF1Js2EVRYxXZWk=",
        "owner": "sini",
        "repo": "gen-view",
        "rev": "ab89e5ac48c4c1608e7e02c5e9cc8cccbe95085e",
        "type": "github"
      },
      "original": {
        "owner": "sini",
        "repo": "gen-view",
        "type": "github"
      }
    },
    "import-tree": {
      "locked": {
        "lastModified": 1783029876,
        "narHash": "sha256-iI88R3wHz8wTKQb5orvpc51L/Xr64AJyxid/0MKa/b8=",
        "owner": "denful",
        "repo": "import-tree",
        "rev": "a164a12202f58eb67559bd33b5592f20660d9baf",
        "type": "github"
      },
      "original": {
        "owner": "denful",
        "repo": "import-tree",
        "rev": "a164a12202f58eb67559bd33b5592f20660d9baf",
        "type": "github"
      }
    },
    "nixpkgs": {
      "locked": {
        "lastModified": 1790323409,
        "narHash": "sha256-m4DGo58Fza5ImOegtWOeE18nhpSO1IGzsVA6Lpsb4zw=",
        "rev": "e94cb152ed51bd6e24eb4a41f1460252beb52cd2",
        "type": "tarball",
        "url": "https://releases.nixos.org/nixos/unstable/nixos-26.11pre1079315.e94cb152ed51/nixexprs.tar.xz"
      },
      "original": {
        "type": "tarball",
        "url": "https://channels.nixos.org/nixos-unstable/nixexprs.tar.xz"
      }
    },
    "root": {
      "inputs": {
        "flake-parts": "flake-parts",
        "gen": "gen",
        "nixpkgs": [
          "gen",
          "nixpkgs"
        ]
      }
    }
  },
  "root": "root",
  "version": 7
}
