{
  "nodes": {
    "flake-parts": {
      "inputs": {
        "nixpkgs-lib": [
          "nixpkgs"
        ]
      },
      "locked": {
        "lastModified": 1790898470,
        "narHash": "sha256-zTwuwezD0w3hpga6a6P8emidzAZFyWqlNeRBlpWOOl8=",
        "owner": "hercules-ci",
        "repo": "flake-parts",
        "rev": "024633cd702b10285db5cb19b40ad48d2399ba60",
        "type": "github"
      },
      "original": {
        "owner": "hercules-ci",
        "repo": "flake-parts",
        "type": "github"
      }
    },
    "gen": {
      "inputs": {
        "gen-algebra": "gen-algebra",
        "gen-aspects": "gen-aspects",
        "gen-assemble": "gen-assemble",
        "gen-bind": "gen-bind",
        "gen-class": "gen-class",
        "gen-delivery": "gen-delivery",
        "gen-dispatch": "gen-dispatch",
        "gen-graph": "gen-graph",
        "gen-identity": "gen-identity",
        "gen-inspect": "gen-inspect",
        "gen-link": "gen-link",
        "gen-memo": "gen-memo",
        "gen-merge": "gen-merge",
        "gen-prelude": "gen-prelude",
        "gen-product": "gen-product",
        "gen-program": "gen-program",
        "gen-rules": "gen-rules",
        "gen-schema": "gen-schema",
        "gen-scope": "gen-scope",
        "gen-select": "gen-select",
        "gen-settings": "gen-settings",
        "gen-types": "gen-types",
        "gen-view": "gen-view",
        "import-tree": "import-tree",
        "nixpkgs": "nixpkgs"
      },
      "locked": {
        "lastModified": 1791181583,
        "narHash": "sha256-X2hTG65sbiRh0z7IYoixborFOVIA5P/GZFwiv4W9V/o=",
        "owner": "sini",
        "repo": "gen",
        "rev": "8aca9d031c13b8e75845a94f4132a565fc76116b",
        "type": "github"
      },
      "original": {
        "owner": "sini",
        "repo": "gen",
        "type": "github"
      }
    },
    "gen-algebra": {
      "locked": {
        "lastModified": 1791178908,
        "narHash": "sha256-VJu3h63zuufEh2wae+FSLc54/1FNmLd0hqF2LqrevOo=",
        "owner": "sini",
        "repo": "gen-algebra",
        "rev": "c3247d6cd60b8f77691a5cfd76cf7cc34d8e0cee",
        "type": "github"
      },
      "original": {
        "owner": "sini",
        "repo": "gen-algebra",
        "type": "github"
      }
    },
    "gen-aspects": {
      "inputs": {
        "gen-algebra": [
          "gen",
          "gen-algebra"
        ],
        "gen-identity": [
          "gen",
          "gen-identity"
        ],
        "gen-merge": [
          "gen",
          "gen-merge"
        ],
        "gen-prelude": [
          "gen",
          "gen-prelude"
        ],
        "gen-schema": [
          "gen",
          "gen-schema"
        ]
      },
      "locked": {
        "lastModified": 1791180702,
        "narHash": "sha256-Xd6pyT/RJ58Vagh5Kz5XoaFr0w05GErS/ft/USfsV5Q=",
        "owner": "sini",
        "repo": "gen-aspects",
        "rev": "bc295e48c275993c1e97ff7d3f4ce9bac9fcc3a9",
        "type": "github"
      },
      "original": {
        "owner": "sini",
        "repo": "gen-aspects",
        "type": "github"
      }
    },
    "gen-assemble": {
      "inputs": {
        "gen-algebra": [
          "gen",
          "gen-algebra"
        ],
        "gen-prelude": [
          "gen",
          "gen-prelude"
        ],
        "gen-scope": [
          "gen",
          "gen-scope"
        ]
      },
      "locked": {
        "lastModified": 1791179082,
        "narHash": "sha256-wnC0oLZefyhc8Z6/uhjWsaJ8CVGwWWEBwgnCRj9geV8=",
        "owner": "sini",
        "repo": "gen-assemble",
        "rev": "f1e396ab1df727a3e23abf8d25303034632a957c",
        "type": "github"
      },
      "original": {
        "owner": "sini",
        "repo": "gen-assemble",
        "type": "github"
      }
    },
    "gen-bind": {
      "inputs": {
        "gen-algebra": [
          "gen",
          "gen-algebra"
        ],
        "gen-prelude": [
          "gen",
          "gen-prelude"
        ]
      },
      "locked": {
        "lastModified": 1791180782,
        "narHash": "sha256-8VU3BAbVBfnUZ2f8VFSrj/1JtKTAbG52r4PSroBwwXg=",
        "owner": "sini",
        "repo": "gen-bind",
        "rev": "0cbe6bb4a2a8dc562a6c684a52d96f60e939b29b",
        "type": "github"
      },
      "original": {
        "owner": "sini",
        "repo": "gen-bind",
        "type": "github"
      }
    },
    "gen-class": {
      "inputs": {
        "gen-merge": [
          "gen",
          "gen-merge"
        ],
        "gen-prelude": [
          "gen",
          "gen-prelude"
        ]
      },
      "locked": {
        "lastModified": 1791180527,
        "narHash": "sha256-0V6yKeXTxAofMZDCgfN7oxWkjqQ6wedJsM19gTCnEow=",
        "owner": "sini",
        "repo": "gen-class",
        "rev": "2cef61e5290fdac54845117700092d58bb31c23f",
        "type": "github"
      },
      "original": {
        "owner": "sini",
        "repo": "gen-class",
        "type": "github"
      }
    },
    "gen-delivery": {
      "inputs": {
        "gen-algebra": [
          "gen",
          "gen-algebra"
        ],
        "gen-aspects": [
          "gen",
          "gen-aspects"
        ],
        "gen-prelude": [
          "gen",
          "gen-prelude"
        ],
        "gen-scope": [
          "gen",
          "gen-scope"
        ]
      },
      "locked": {
        "lastModified": 1791180736,
        "narHash": "sha256-zqJsP2A7aP86UUBQS6aQo5mpkJe3mNdZwiuE3ij76yc=",
        "owner": "sini",
        "repo": "gen-delivery",
        "rev": "ec4b8b5e1e34d06c5f2985d14e68cae1830738cf",
        "type": "github"
      },
      "original": {
        "owner": "sini",
        "repo": "gen-delivery",
        "type": "github"
      }
    },
    "gen-dispatch": {
      "inputs": {
        "gen-prelude": [
          "gen",
          "gen-prelude"
        ]
      },
      "locked": {
        "lastModified": 1791180732,
        "narHash": "sha256-sWReCNFTMzRputCmaorc4KCYIgc87kYyaOcWcvw+gy4=",
        "owner": "sini",
        "repo": "gen-dispatch",
        "rev": "0fe8d81c7b3ca3fbf9a493ea1e3007db12307a57",
        "type": "github"
      },
      "original": {
        "owner": "sini",
        "repo": "gen-dispatch",
        "type": "github"
      }
    },
    "gen-graph": {
      "inputs": {
        "gen-prelude": [
          "gen",
          "gen-prelude"
        ]
      },
      "locked": {
        "lastModified": 1791178909,
        "narHash": "sha256-srvLVenx3NU0fQR0I1GmPmcPOd5dM14oL8D3yMpKnPA=",
        "owner": "sini",
        "repo": "gen-graph",
        "rev": "cc6d06f8843747d6c24bd4b41a2fc9cb9f404d9e",
        "type": "github"
      },
      "original": {
        "owner": "sini",
        "repo": "gen-graph",
        "type": "github"
      }
    },
    "gen-identity": {
      "locked": {
        "lastModified": 1791178872,
        "narHash": "sha256-UrYooM2v+sUSHDdMAebrKo6sYK0RbX9rI+wIQEK16Ng=",
        "owner": "sini",
        "repo": "gen-identity",
        "rev": "d77e859947b998cc33f7307e5123463607b631af",
        "type": "github"
      },
      "original": {
        "owner": "sini",
        "repo": "gen-identity",
        "type": "github"
      }
    },
    "gen-inspect": {
      "inputs": {
        "gen-graph": [
          "gen",
          "gen-graph"
        ],
        "gen-prelude": [
          "gen",
          "gen-prelude"
        ],
        "gen-program": [
          "gen",
          "gen-program"
        ],
        "gen-scope": [
          "gen",
          "gen-scope"
        ],
        "gen-select": [
          "gen",
          "gen-select"
        ]
      },
      "locked": {
        "lastModified": 1791180745,
        "narHash": "sha256-Qun/66PYco7BODdhRYbyMUbQssPHgOPybPe6e1t+UwU=",
        "owner": "sini",
        "repo": "gen-inspect",
        "rev": "13a27cd24ed5038622f5a7bb26bc0ebbefd8cc17",
        "type": "github"
      },
      "original": {
        "owner": "sini",
        "repo": "gen-inspect",
        "type": "github"
      }
    },
    "gen-link": {
      "inputs": {
        "gen-algebra": [
          "gen",
          "gen-algebra"
        ],
        "gen-aspects": [
          "gen",
          "gen-aspects"
        ],
        "gen-identity": [
          "gen",
          "gen-identity"
        ],
        "gen-prelude": [
          "gen",
          "gen-prelude"
        ],
        "gen-schema": [
          "gen",
          "gen-schema"
        ],
        "gen-scope": [
          "gen",
          "gen-scope"
        ],
        "gen-view": [
          "gen",
          "gen-view"
        ]
      },
      "locked": {
        "lastModified": 1791180753,
        "narHash": "sha256-7tVerEjN5EspFBsrIgTIVSTYI9nswsxSTScYjHrl9sM=",
        "owner": "sini",
        "repo": "gen-link",
        "rev": "efbcbfdc89bfe5d4dbc2bce7cba37d44b8ecbc83",
        "type": "github"
      },
      "original": {
        "owner": "sini",
        "repo": "gen-link",
        "type": "github"
      }
    },
    "gen-memo": {
      "inputs": {
        "gen-graph": [
          "gen",
          "gen-graph"
        ],
        "gen-prelude": [
          "gen",
          "gen-prelude"
        ]
      },
      "locked": {
        "lastModified": 1791179084,
        "narHash": "sha256-1xKA9Nrpauc0ZL6RQnzi6Xt1/8O2S6QFkuGmyvS3ukA=",
        "owner": "sini",
        "repo": "gen-memo",
        "rev": "fbc322003500ccf9c14b9164f855f8178bd8fb67",
        "type": "github"
      },
      "original": {
        "owner": "sini",
        "repo": "gen-memo",
        "type": "github"
      }
    },
    "gen-merge": {
      "inputs": {
        "gen-memo": [
          "gen",
          "gen-memo"
        ],
        "gen-prelude": [
          "gen",
          "gen-prelude"
        ],
        "gen-scope": [
          "gen",
          "gen-scope"
        ],
        "gen-types": [
          "gen",
          "gen-types"
        ]
      },
      "locked": {
        "lastModified": 1791180276,
        "narHash": "sha256-SOlsO1S8WwwlEO/RQIl4IUkI/2ZBoVMRMFtjNuBgHRk=",
        "owner": "sini",
        "repo": "gen-merge",
        "rev": "359a36f2e60130b9a953574a17d38f82d69d35f9",
        "type": "github"
      },
      "original": {
        "owner": "sini",
        "repo": "gen-merge",
        "type": "github"
      }
    },
    "gen-prelude": {
      "locked": {
        "lastModified": 1791178872,
        "narHash": "sha256-kBSQd88+P/rweblT9tmIZDbDTNqAU6wPRJPUqhv9sUk=",
        "owner": "sini",
        "repo": "gen-prelude",
        "rev": "0aae04a5ece34b00524206c9a1760e9bc664a073",
        "type": "github"
      },
      "original": {
        "owner": "sini",
        "repo": "gen-prelude",
        "type": "github"
      }
    },
    "gen-product": {
      "inputs": {
        "gen-prelude": [
          "gen",
          "gen-prelude"
        ]
      },
      "locked": {
        "lastModified": 1791178940,
        "narHash": "sha256-Gzxf1GNstH21+qBTYDzxMCxwX1dTLpGWtGI0W4LxkPA=",
        "owner": "sini",
        "repo": "gen-product",
        "rev": "878d723a59f70f9513ab9650f3155ce4258901b8",
        "type": "github"
      },
      "original": {
        "owner": "sini",
        "repo": "gen-product",
        "type": "github"
      }
    },
    "gen-program": {
      "inputs": {
        "gen-algebra": [
          "gen",
          "gen-algebra"
        ],
        "gen-identity": [
          "gen",
          "gen-identity"
        ],
        "gen-prelude": [
          "gen",
          "gen-prelude"
        ],
        "gen-scope": [
          "gen",
          "gen-scope"
        ]
      },
      "locked": {
        "lastModified": 1791180278,
        "narHash": "sha256-RzGhjsI+ej8O/IZuCSonK2qlu9VnFdzPMiDvZxvQdGs=",
        "owner": "sini",
        "repo": "gen-program",
        "rev": "6f5a82d37fac390c9edae91297222f95afe5ec71",
        "type": "github"
      },
      "original": {
        "owner": "sini",
        "repo": "gen-program",
        "type": "github"
      }
    },
    "gen-rules": {
      "inputs": {
        "gen-algebra": [
          "gen",
          "gen-algebra"
        ],
        "gen-aspects": [
          "gen",
          "gen-aspects"
        ],
        "gen-identity": [
          "gen",
          "gen-identity"
        ],
        "gen-merge": [
          "gen",
          "gen-merge"
        ],
        "gen-program": [
          "gen",
          "gen-program"
        ]
      },
      "locked": {
        "lastModified": 1791252569,
        "narHash": "sha256-L9L0E5mpIPxTP2u51IPdoda8OPIrKqTZUsHIdrVLsLo=",
        "owner": "sini",
        "repo": "gen-rules",
        "rev": "07cc6952d0db57346705109a51d40b2c246a77a2",
        "type": "github"
      },
      "original": {
        "owner": "sini",
        "repo": "gen-rules",
        "type": "github"
      }
    },
    "gen-schema": {
      "inputs": {
        "gen-algebra": [
          "gen",
          "gen-algebra"
        ],
        "gen-graph": [
          "gen",
          "gen-graph"
        ],
        "gen-identity": [
          "gen",
          "gen-identity"
        ],
        "gen-merge": [
          "gen",
          "gen-merge"
        ],
        "gen-prelude": [
          "gen",
          "gen-prelude"
        ]
      },
      "locked": {
        "lastModified": 1791180602,
        "narHash": "sha256-XEQEWenfg0TjJwhPvzzi43P4pnPbkHSQWhu+DuplUaU=",
        "owner": "sini",
        "repo": "gen-schema",
        "rev": "4edde29d62ed526a70b18e7cec12d643042cb0f1",
        "type": "github"
      },
      "original": {
        "owner": "sini",
        "repo": "gen-schema",
        "type": "github"
      }
    },
    "gen-scope": {
      "inputs": {
        "gen-graph": [
          "gen",
          "gen-graph"
        ],
        "gen-identity": [
          "gen",
          "gen-identity"
        ],
        "gen-prelude": [
          "gen",
          "gen-prelude"
        ]
      },
      "locked": {
        "lastModified": 1791179050,
        "narHash": "sha256-nXXG5Iv7xk2LfWdMaMmqBowHDsOvYNlLh0UfSIinN2Y=",
        "owner": "sini",
        "repo": "gen-scope",
        "rev": "3b0c77e826d34c9a8ab61ca41df1de3f86ccdc99",
        "type": "github"
      },
      "original": {
        "owner": "sini",
        "repo": "gen-scope",
        "type": "github"
      }
    },
    "gen-select": {
      "inputs": {
        "gen-algebra": [
          "gen",
          "gen-algebra"
        ]
      },
      "locked": {
        "lastModified": 1791180637,
        "narHash": "sha256-CzePzvly6nK/nsODuh55vgbLAFCXwdTmUz1Bc1VoXVU=",
        "owner": "sini",
        "repo": "gen-select",
        "rev": "2e063c8f38ca2ee595a7e40cb1614c2493165277",
        "type": "github"
      },
      "original": {
        "owner": "sini",
        "repo": "gen-select",
        "type": "github"
      }
    },
    "gen-settings": {
      "inputs": {
        "gen-algebra": [
          "gen",
          "gen-algebra"
        ],
        "gen-bind": [
          "gen",
          "gen-bind"
        ],
        "gen-graph": [
          "gen",
          "gen-graph"
        ],
        "gen-identity": [
          "gen",
          "gen-identity"
        ],
        "gen-prelude": [
          "gen",
          "gen-prelude"
        ],
        "gen-schema": [
          "gen",
          "gen-schema"
        ],
        "gen-types": [
          "gen",
          "gen-types"
        ]
      },
      "locked": {
        "lastModified": 1791180817,
        "narHash": "sha256-oGEMCqvRQF8/B54p35Y7qREJj+tj0VWTz3F8BllEAD0=",
        "owner": "sini",
        "repo": "gen-settings",
        "rev": "cd22189eb916a553d94c5db37f2a84accff0a3d0",
        "type": "github"
      },
      "original": {
        "owner": "sini",
        "repo": "gen-settings",
        "type": "github"
      }
    },
    "gen-types": {
      "inputs": {
        "gen-algebra": [
          "gen",
          "gen-algebra"
        ],
        "gen-identity": [
          "gen",
          "gen-identity"
        ],
        "gen-prelude": [
          "gen",
          "gen-prelude"
        ]
      },
      "locked": {
        "lastModified": 1791178944,
        "narHash": "sha256-VDdm4NKfRZnqhWV5UBBwIdoPeZNxcvea8nQgSXdyCww=",
        "owner": "sini",
        "repo": "gen-types",
        "rev": "0ac86f2ec32f4d636d1184c351bf83f5d015442c",
        "type": "github"
      },
      "original": {
        "owner": "sini",
        "repo": "gen-types",
        "type": "github"
      }
    },
    "gen-view": {
      "inputs": {
        "gen-graph": [
          "gen",
          "gen-graph"
        ],
        "gen-prelude": [
          "gen",
          "gen-prelude"
        ]
      },
      "locked": {
        "lastModified": 1791179079,
        "narHash": "sha256-02g4wRIMN9ooUgVWhN/zlN/A8u+zioEdvTTb1+v6KPo=",
        "owner": "sini",
        "repo": "gen-view",
        "rev": "7d498760a8f38ef9e19d12454b2185d10e7619e2",
        "type": "github"
      },
      "original": {
        "owner": "sini",
        "repo": "gen-view",
        "type": "github"
      }
    },
    "import-tree": {
      "locked": {
        "lastModified": 1783029876,
        "narHash": "sha256-iI88R3wHz8wTKQb5orvpc51L/Xr64AJyxid/0MKa/b8=",
        "owner": "denful",
        "repo": "import-tree",
        "rev": "a164a12202f58eb67559bd33b5592f20660d9baf",
        "type": "github"
      },
      "original": {
        "owner": "denful",
        "repo": "import-tree",
        "rev": "a164a12202f58eb67559bd33b5592f20660d9baf",
        "type": "github"
      }
    },
    "nixpkgs": {
      "locked": {
        "lastModified": 1791048980,
        "narHash": "sha256-u3KCLxsnf1622GdFccg8hmkEIutOZ1h4pvia5ERjIuI=",
        "rev": "a7868a727837f3c09cee2ce0ca671c76b1589fed",
        "type": "tarball",
        "url": "https://releases.nixos.org/nixos/unstable/nixos-26.11pre1084968.a7868a727837/nixexprs.tar.xz"
      },
      "original": {
        "type": "tarball",
        "url": "https://channels.nixos.org/nixos-unstable/nixexprs.tar.xz"
      }
    },
    "root": {
      "inputs": {
        "flake-parts": "flake-parts",
        "gen": "gen",
        "nixpkgs": [
          "gen",
          "nixpkgs"
        ]
      }
    }
  },
  "root": "root",
  "version": 7
}
